
Microsoft Visual Studio Solution File, Format Version 12.00
# Visual Studio 14
VisualStudioVersion = 14.0.22823.1
MinimumVisualStudioVersion = 10.0.40219.1
Project("{FAE04EC0-301F-11D3-BF4B-00C04F79EFBC}") = "Lib0", "Lib0\Lib0.csproj", "{6AE18ABB-1260-4273-80B3-44E258F5DE5F}"
EndProject
Project("{FAE04EC0-301F-11D3-BF4B-00C04F79EFBC}") = "Lib0.Test", "Lib0.Test\Lib0.Test.csproj", "{591C6E67-B22E-4777-8807-E244CA186A98}"
EndProject
Global
	GlobalSection(SolutionConfigurationPlatforms) = preSolution
		Debug|Any CPU = Debug|Any CPU
		Release|Any CPU = Release|Any CPU
	EndGlobalSection
	GlobalSection(ProjectConfigurationPlatforms) = postSolution
		{6AE18ABB-1260-4273-80B3-44E258F5DE5F}.Debug|Any CPU.ActiveCfg = Debug|Any CPU
		{6AE18ABB-1260-4273-80B3-44E258F5DE5F}.Debug|Any CPU.Build.0 = Debug|Any CPU
		{6AE18ABB-1260-4273-80B3-44E258F5DE5F}.Release|Any CPU.ActiveCfg = Release|Any CPU
		{6AE18ABB-1260-4273-80B3-44E258F5DE5F}.Release|Any CPU.Build.0 = Release|Any CPU
		{591C6E67-B22E-4777-8807-E244CA186A98}.Debug|Any CPU.ActiveCfg = Debug|Any CPU
		{591C6E67-B22E-4777-8807-E244CA186A98}.Debug|Any CPU.Build.0 = Debug|Any CPU
		{591C6E67-B22E-4777-8807-E244CA186A98}.Release|Any CPU.ActiveCfg = Release|Any CPU
		{591C6E67-B22E-4777-8807-E244CA186A98}.Release|Any CPU.Build.0 = Release|Any CPU
	EndGlobalSection
	GlobalSection(SolutionProperties) = preSolution
		HideSolutionNode = FALSE
	EndGlobalSection
EndGlobal
